<?xml version="1.0" encoding="utf-8"?>
<Project ToolsVersion="4.0" xmlns="http://schemas.microsoft.com/developer/msbuild/2003">
  <ItemGroup>
    <Filter Include="源文件">
      <UniqueIdentifier>{4FC737F1-C7A5-4376-A066-2A32D752A2FF}</UniqueIdentifier>
      <Extensions>cpp;c;cc;cxx;def;odl;idl;hpj;bat;asm;asmx</Extensions>
    </Filter>
    <Filter Include="头文件">
      <UniqueIdentifier>{93995380-89BD-4b04-88EB-625FBE52EBFB}</UniqueIdentifier>
      <Extensions>h;hh;hpp;hxx;hm;inl;inc;ipp;xsd</Extensions>
    </Filter>
    <Filter Include="资源文件">
      <UniqueIdentifier>{67DA6AB6-F800-4c08-8B7A-83BB121AAD01}</UniqueIdentifier>
      <Extensions>rc;ico;cur;bmp;dlg;rc2;rct;bin;rgs;gif;jpg;jpeg;jpe;resx;tiff;tif;png;wav;mfcribbon-ms</Extensions>
    </Filter>
  </ItemGroup>
  <ItemGroup>
    <ClInclude Include="pch.h">
      <Filter>头文件</Filter>
    </ClInclude>
    <ClInclude Include="Brass.h">
      <Filter>头文件</Filter>
    </ClInclude>
    <ClInclude Include="Cd.h">
      <Filter>头文件</Filter>
    </ClInclude>
    <ClInclude Include="Cow.h">
      <Filter>头文件</Filter>
    </ClInclude>
    <ClInclude Include="DMA.h">
      <Filter>头文件</Filter>
    </ClInclude>
    <ClInclude Include="Port.h">
      <Filter>头文件</Filter>
    </ClInclude>
    <ClInclude Include="queue.h">
      <Filter>头文件</Filter>
    </ClInclude>
    <ClInclude Include="Stack.h">
      <Filter>头文件</Filter>
    </ClInclude>
    <ClInclude Include="Stock.h">
      <Filter>头文件</Filter>
    </ClInclude>
    <ClInclude Include="stonewt.h">
      <Filter>头文件</Filter>
    </ClInclude>
    <ClInclude Include="stringbad.h">
      <Filter>头文件</Filter>
    </ClInclude>
    <ClInclude Include="TableTennis.h">
      <Filter>头文件</Filter>
    </ClInclude>
    <ClInclude Include="mytime.h">
      <Filter>头文件</Filter>
    </ClInclude>
    <ClInclude Include="Student.h">
      <Filter>头文件</Filter>
    </ClInclude>
    <ClInclude Include="Worker.h">
      <Filter>头文件</Filter>
    </ClInclude>
    <ClInclude Include="stacktp.h">
      <Filter>头文件</Filter>
    </ClInclude>
    <ClInclude Include="arraytp.h">
      <Filter>头文件</Filter>
    </ClInclude>
    <ClInclude Include="Wine.h">
      <Filter>头文件</Filter>
    </ClInclude>
    <ClInclude Include="QueueTP.h">
      <Filter>头文件</Filter>
    </ClInclude>
    <ClInclude Include="Person.h">
      <Filter>头文件</Filter>
    </ClInclude>
    <ClInclude Include="emp.h">
      <Filter>头文件</Filter>
    </ClInclude>
  </ItemGroup>
  <ItemGroup>
    <ClCompile Include="pch.cpp">
      <Filter>源文件</Filter>
    </ClCompile>
    <ClCompile Include="c++ primer study.cpp">
      <Filter>源文件</Filter>
    </ClCompile>
    <ClCompile Include="Brass.cpp">
      <Filter>源文件</Filter>
    </ClCompile>
    <ClCompile Include="Cd.cpp">
      <Filter>源文件</Filter>
    </ClCompile>
    <ClCompile Include="Cow.cpp">
      <Filter>源文件</Filter>
    </ClCompile>
    <ClCompile Include="DMA.cpp">
      <Filter>源文件</Filter>
    </ClCompile>
    <ClCompile Include="mytime.cpp">
      <Filter>源文件</Filter>
    </ClCompile>
    <ClCompile Include="Port.cpp">
      <Filter>源文件</Filter>
    </ClCompile>
    <ClCompile Include="queue.cpp">
      <Filter>源文件</Filter>
    </ClCompile>
    <ClCompile Include="Stack.cpp">
      <Filter>源文件</Filter>
    </ClCompile>
    <ClCompile Include="Stock.cpp">
      <Filter>源文件</Filter>
    </ClCompile>
    <ClCompile Include="stonewt.cpp">
      <Filter>源文件</Filter>
    </ClCompile>
    <ClCompile Include="stringbad.cpp">
      <Filter>源文件</Filter>
    </ClCompile>
    <ClCompile Include="TableTennis.cpp">
      <Filter>源文件</Filter>
    </ClCompile>
    <ClCompile Include="Student.cpp">
      <Filter>源文件</Filter>
    </ClCompile>
    <ClCompile Include="Worker.cpp">
      <Filter>源文件</Filter>
    </ClCompile>
    <ClCompile Include="Wine.cpp">
      <Filter>源文件</Filter>
    </ClCompile>
    <ClCompile Include="Person.cpp">
      <Filter>源文件</Filter>
    </ClCompile>
    <ClCompile Include="emp.cpp">
      <Filter>源文件</Filter>
    </ClCompile>
  </ItemGroup>
</Project>